// !$*UTF8*$!
{
	archiveVersion = 1;
	classes = {
	};
	objectVersion = 50;
	objects = {

/* Begin PBXBuildFile section */
		2258F805225D59BD005D3A51 /* AppDelegate.swift in Sources */ = {isa = PBXBuildFile; fileRef = 2258F804225D59BD005D3A51 /* AppDelegate.swift */; };
		2258F807225D59BD005D3A51 /* ViewController.swift in Sources */ = {isa = PBXBuildFile; fileRef = 2258F806225D59BD005D3A51 /* ViewController.swift */; };
		2258F80A225D59BD005D3A51 /* Main.storyboard in Resources */ = {isa = PBXBuildFile; fileRef = 2258F808225D59BD005D3A51 /* Main.storyboard */; };
		2258F80D225D59BD005D3A51 /* Blue_Apron.xcdatamodeld in Sources */ = {isa = PBXBuildFile; fileRef = 2258F80B225D59BD005D3A51 /* Blue_Apron.xcdatamodeld */; };
		2258F80F225D59BF005D3A51 /* Assets.xcassets in Resources */ = {isa = PBXBuildFile; fileRef = 2258F80E225D59BF005D3A51 /* Assets.xcassets */; };
		2258F812225D59BF005D3A51 /* LaunchScreen.storyboard in Resources */ = {isa = PBXBuildFile; fileRef = 2258F810225D59BF005D3A51 /* LaunchScreen.storyboard */; };
/* End PBXBuildFile section */

/* Begin PBXFileReference section */
		2258F801225D59BD005D3A51 /* Blue Apron.app */ = {isa = PBXFileReference; explicitFileType = wrapper.application; includeInIndex = 0; path = "Blue Apron.app"; sourceTree = BUILT_PRODUCTS_DIR; };
		2258F804225D59BD005D3A51 /* AppDelegate.swift */ = {isa = PBXFileReference; lastKnownFileType = sourcecode.swift; path = AppDelegate.swift; sourceTree = "<group>"; };
		2258F806225D59BD005D3A51 /* ViewController.swift */ = {isa = PBXFileReference; lastKnownFileType = sourcecode.swift; path = ViewController.swift; sourceTree = "<group>"; };
		2258F809225D59BD005D3A51 /* Base */ = {isa = PBXFileReference; lastKnownFileType = file.storyboard; name = Base; path = Base.lproj/Main.storyboard; sourceTree = "<group>"; };
		2258F80C225D59BD005D3A51 /* Blue_Apron.xcdatamodel */ = {isa = PBXFileReference; lastKnownFileType = wrapper.xcdatamodel; path = Blue_Apron.xcdatamodel; sourceTree = "<group>"; };
		2258F80E225D59BF005D3A51 /* Assets.xcassets */ = {isa = PBXFileReference; lastKnownFileType = folder.assetcatalog; path = Assets.xcassets; sourceTree = "<group>"; };
		2258F811225D59BF005D3A51 /* Base */ = {isa = PBXFileReference; lastKnownFileType = file.storyboard; name = Base; path = Base.lproj/LaunchScreen.storyboard; sourceTree = "<group>"; };
		2258F813225D59BF005D3A51 /* Info.plist */ = {isa = PBXFileReference; lastKnownFileType = text.plist.xml; path = Info.plist; sourceTree = "<group>"; };
/* End PBXFileReference section */

/* Begin PBXFrameworksBuildPhase section */
		2258F7FE225D59BD005D3A51 /* Frameworks */ = {
			isa = PBXFrameworksBuildPhase;
			buildActionMask = 2147483647;
			files = (
			);
			runOnlyForDeploymentPostprocessing = 0;
		};
/* End PBXFrameworksBuildPhase section */

/* Begin PBXGroup section */
		2258F7F8225D59BD005D3A51 = {
			isa = PBXGroup;
			children = (
				2258F803225D59BD005D3A51 /* Blue Apron */,
				2258F802225D59BD005D3A51 /* Products */,
			);
			sourceTree = "<group>";
		};
		2258F802225D59BD005D3A51 /* Products */ = {
			isa = PBXGroup;
			children = (
				2258F801225D59BD005D3A51 /* Blue Apron.app */,
			);
			name = Products;
			sourceTree = "<group>";
		};
		2258F803225D59BD005D3A51 /* Blue Apron */ = {
			isa = PBXGroup;
			children = (
				2258F804225D59BD005D3A51 /* AppDelegate.swift */,
				2258F806225D59BD005D3A51 /* ViewController.swift */,
				2258F808225D59BD005D3A51 /* Main.storyboard */,
				2258F80E225D59BF005D3A51 /* Assets.xcassets */,
				2258F810225D59BF005D3A51 /* LaunchScreen.storyboard */,
				2258F813225D59BF005D3A51 /* Info.plist */,
				2258F80B225D59BD005D3A51 /* Blue_Apron.xcdatamodeld */,
			);
			path = "Blue Apron";
			sourceTree = "<group>";
		};
/* End PBXGroup section */

/* Begin PBXNativeTarget section */
		2258F800225D59BD005D3A51 /* Blue Apron */ = {
			isa = PBXNativeTarget;
			buildConfigurationList = 2258F816225D59BF005D3A51 /* Build configuration list for PBXNativeTarget "Blue Apron" */;
			buildPhases = (
				2258F7FD225D59BD005D3A51 /* Sources */,
				2258F7FE225D59BD005D3A51 /* Frameworks */,
				2258F7FF225D59BD005D3A51 /* Resources */,
			);
			buildRules = (
			);
			dependencies = (
			);
			name = "Blue Apron";
			productName = "Blue Apron";
			productReference = 2258F801225D59BD005D3A51 /* Blue Apron.app */;
			productType = "com.apple.product-type.application";
		};
/* End PBXNativeTarget section */

/* Begin PBXProject section */
		2258F7F9225D59BD005D3A51 /* Project object */ = {
			isa = PBXProject;
			attributes = {
				LastSwiftUpdateCheck = 1010;
				LastUpgradeCheck = 1010;
				ORGANIZATIONNAME = "Sreejith Thrivikraman";
				TargetAttributes = {
					2258F800225D59BD005D3A51 = {
						CreatedOnToolsVersion = 10.1;
					};
				};
			};
			buildConfigurationList = 2258F7FC225D59BD005D3A51 /* Build configuration list for PBXProject "Blue Apron" */;
			compatibilityVersion = "Xcode 9.3";
			developmentRegion = en;
			hasScannedForEncodings = 0;
			knownRegions = (
				en,
				Base,
			);
			mainGroup = 2258F7F8225D59BD005D3A51;
			productRefGroup = 2258F802225D59BD005D3A51 /* Products */;
			projectDirPath = "";
			projectRoot = "";
			targets = (
				2258F800225D59BD005D3A51 /* Blue Apron */,
			);
		};
/* End PBXProject section */

/* Begin PBXResourcesBuildPhase section */
		2258F7FF225D59BD005D3A51 /* Resources */ = {
			isa = PBXResourcesBuildPhase;
			buildActionMask = 2147483647;
			files = (
				2258F812225D59BF005D3A51 /* LaunchScreen.storyboard in Resources */,
				2258F80F225D59BF005D3A51 /* Assets.xcassets in Resources */,
				2258F80A225D59BD005D3A51 /* Main.storyboard in Resources */,
			);
			runOnlyForDeploymentPostprocessing = 0;
		};
/* End PBXResourcesBuildPhase section */

/* Begin PBXSourcesBuildPhase section */
		2258F7FD225D59BD005D3A51 /* Sources */ = {
			isa = PBXSourcesBuildPhase;
			buildActionMask = 2147483647;
			files = (
				2258F80D225D59BD005D3A51 /* Blue_Apron.xcdatamodeld in Sources */,
				2258F807225D59BD005D3A51 /* ViewController.swift in Sources */,
				2258F805225D59BD005D3A51 /* AppDelegate.swift in Sources */,
			);
			runOnlyForDeploymentPostprocessing = 0;
		};
/* End PBXSourcesBuildPhase section */

/* Begin PBXVariantGroup section */
		2258F808225D59BD005D3A51 /* Main.storyboard */ = {
			isa = PBXVariantGroup;
			children = (
				2258F809225D59BD005D3A51 /* Base */,
			);
			name = Main.storyboard;
			sourceTree = "<group>";
		};
		2258F810225D59BF005D3A51 /* LaunchScreen.storyboard */ = {
			isa = PBXVariantGroup;
			children = (
				2258F811225D59BF005D3A51 /* Base */,
			);
			name = LaunchScreen.storyboard;
			sourceTree = "<group>";
		};
/* End PBXVariantGroup section */

/* Begin XCBuildConfiguration section */
		2258F814225D59BF005D3A51 /* Debug */ = {
			isa = XCBuildConfiguration;
			buildSettings = {
				ALWAYS_SEARCH_USER_PATHS = NO;
				CLANG_ANALYZER_NONNULL = YES;
				CLANG_ANALYZER_NUMBER_OBJECT_CONVERSION = YES_AGGRESSIVE;
				CLANG_CXX_LANGUAGE_STANDARD = "gnu++14";
				CLANG_CXX_LIBRARY = "libc++";
				CLANG_ENABLE_MODULES = YES;
				CLANG_ENABLE_OBJC_ARC = YES;
				CLANG_ENABLE_OBJC_WEAK = YES;
				CLANG_WARN_BLOCK_CAPTURE_AUTORELEASING = YES;
				CLANG_WARN_BOOL_CONVERSION = YES;
				CLANG_WARN_COMMA = YES;
				CLANG_WARN_CONSTANT_CONVERSION = YES;
				CLANG_WARN_DEPRECATED_OBJC_IMPLEMENTATIONS = YES;
				CLANG_WARN_DIRECT_OBJC_ISA_USAGE = YES_ERROR;
				CLANG_WARN_DOCUMENTATION_COMMENTS = YES;
				CLANG_WARN_EMPTY_BODY = YES;
				CLANG_WARN_ENUM_CONVERSION = YES;
				CLANG_WARN_INFINITE_RECURSION = YES;
				CLANG_WARN_INT_CONVERSION = YES;
				CLANG_WARN_NON_LITERAL_NULL_CONVERSION = YES;
				CLANG_WARN_OBJC_IMPLICIT_RETAIN_SELF = YES;
				CLANG_WARN_OBJC_LITERAL_CONVERSION = YES;
				CLANG_WARN_OBJC_ROOT_CLASS = YES_ERROR;
				CLANG_WARN_RANGE_LOOP_ANALYSIS = YES;
				CLANG_WARN_STRICT_PROTOTYPES = YES;
				CLANG_WARN_SUSPICIOUS_MOVE = YES;
				CLANG_WARN_UNGUARDED_AVAILABILITY = YES_AGGRESSIVE;
				CLANG_WARN_UNREACHABLE_CODE = YES;
				CLANG_WARN__DUPLICATE_METHOD_MATCH = YES;
				CODE_SIGN_IDENTITY = "iPhone Developer";
				COPY_PHASE_STRIP = NO;
				DEBUG_INFORMATION_FORMAT = dwarf;
				ENABLE_STRICT_OBJC_MSGSEND = YES;
				ENABLE_TESTABILITY = YES;
				GCC_C_LANGUAGE_STANDARD = gnu11;
				GCC_DYNAMIC_NO_PIC = NO;
				GCC_NO_COMMON_BLOCKS = YES;
				GCC_OPTIMIZATION_LEVEL = 0;
				GCC_PREPROCESSOR_DEFINITIONS = (
					"DEBUG=1",
					"$(inherited)",
				);
				GCC_WARN_64_TO_32_BIT_CONVERSION = YES;
				GCC_WARN_ABOUT_RETURN_TYPE = YES_ERROR;
				GCC_WARN_UNDECLARED_SELECTOR = YES;
				GCC_WARN_UNINITIALIZED_AUTOS = YES_AGGRESSIVE;
				GCC_WARN_UNUSED_FUNCTION = YES;
				GCC_WARN_UNUSED_VARIABLE = YES;
				IPHONEOS_DEPLOYMENT_TARGET = 12.1;
				MTL_ENABLE_DEBUG_INFO = INCLUDE_SOURCE;
				MTL_FAST_MATH = YES;
				ONLY_ACTIVE_ARCH = YES;
				SDKROOT = iphoneos;
				SWIFT_ACTIVE_COMPILATION_CONDITIONS = DEBUG;
				SWIFT_OPTIMIZATION_LEVEL = "-Onone";
			};
			name = Debug;
		};
		2258F815225D59BF005D3A51 /* Release */ = {
			isa = XCBuildConfiguration;
			buildSettings = {
				ALWAYS_SEARCH_USER_PATHS = NO;
				CLANG_ANALYZER_NONNULL = YES;
				CLANG_ANALYZER_NUMBER_OBJECT_CONVERSION = YES_AGGRESSIVE;
				CLANG_CXX_LANGUAGE_STANDARD = "gnu++14";
				CLANG_CXX_LIBRARY = "libc++";
				CLANG_ENABLE_MODULES = YES;
				CLANG_ENABLE_OBJC_ARC = YES;
				CLANG_ENABLE_OBJC_WEAK = YES;
				CLANG_WARN_BLOCK_CAPTURE_AUTORELEASING = YES;
				CLANG_WARN_BOOL_CONVERSION = YES;
				CLANG_WARN_COMMA = YES;
				CLANG_WARN_CONSTANT_CONVERSION = YES;
				CLANG_WARN_DEPRECATED_OBJC_IMPLEMENTATIONS = YES;
				CLANG_WARN_DIRECT_OBJC_ISA_USAGE = YES_ERROR;
				CLANG_WARN_DOCUMENTATION_COMMENTS = YES;
				CLANG_WARN_EMPTY_BODY = YES;
				CLANG_WARN_ENUM_CONVERSION = YES;
				CLANG_WARN_INFINITE_RECURSION = YES;
				CLANG_WARN_INT_CONVERSION = YES;
				CLANG_WARN_NON_LITERAL_NULL_CONVERSION = YES;
				CLANG_WARN_OBJC_IMPLICIT_RETAIN_SELF = YES;
				CLANG_WARN_OBJC_LITERAL_CONVERSION = YES;
				CLANG_WARN_OBJC_ROOT_CLASS = YES_ERROR;
				CLANG_WARN_RANGE_LOOP_ANALYSIS = YES;
				CLANG_WARN_STRICT_PROTOTYPES = YES;
				CLANG_WARN_SUSPICIOUS_MOVE = YES;
				CLANG_WARN_UNGUARDED_AVAILABILITY = YES_AGGRESSIVE;
				CLANG_WARN_UNREACHABLE_CODE = YES;
				CLANG_WARN__DUPLICATE_METHOD_MATCH = YES;
				CODE_SIGN_IDENTITY = "iPhone Developer";
				COPY_PHASE_STRIP = NO;
				DEBUG_INFORMATION_FORMAT = "dwarf-with-dsym";
				ENABLE_NS_ASSERTIONS = NO;
				ENABLE_STRICT_OBJC_MSGSEND = YES;
				GCC_C_LANGUAGE_STANDARD = gnu11;
				GCC_NO_COMMON_BLOCKS = YES;
				GCC_WARN_64_TO_32_BIT_CONVERSION = YES;
				GCC_WARN_ABOUT_RETURN_TYPE = YES_ERROR;
				GCC_WARN_UNDECLARED_SELECTOR = YES;
				GCC_WARN_UNINITIALIZED_AUTOS = YES_AGGRESSIVE;
				GCC_WARN_UNUSED_FUNCTION = YES;
				GCC_WARN_UNUSED_VARIABLE = YES;
				IPHONEOS_DEPLOYMENT_TARGET = 12.1;
				MTL_ENABLE_DEBUG_INFO = NO;
				MTL_FAST_MATH = YES;
				SDKROOT = iphoneos;
				SWIFT_COMPILATION_MODE = wholemodule;
				SWIFT_OPTIMIZATION_LEVEL = "-O";
				VALIDATE_PRODUCT = YES;
			};
			name = Release;
		};
		2258F817225D59BF005D3A51 /* Debug */ = {
			isa = XCBuildConfiguration;
			buildSettings = {
				ASSETCATALOG_COMPILER_APPICON_NAME = AppIcon;
				CODE_SIGN_STYLE = Automatic;
				INFOPLIST_FILE = "Blue Apron/Info.plist";
				LD_RUNPATH_SEARCH_PATHS = (
					"$(inherited)",
					"@executable_path/Frameworks",
				);
				PRODUCT_BUNDLE_IDENTIFIER = "st.Blue-Apron";
				PRODUCT_NAME = "$(TARGET_NAME)";
				SWIFT_VERSION = 4.2;
				TARGETED_DEVICE_FAMILY = "1,2";
			};
			name = Debug;
		};
		2258F818225D59BF005D3A51 /* Release */ = {
			isa = XCBuildConfiguration;
			buildSettings = {
				ASSETCATALOG_COMPILER_APPICON_NAME = AppIcon;
				CODE_SIGN_STYLE = Automatic;
				INFOPLIST_FILE = "Blue Apron/Info.plist";
				LD_RUNPATH_SEARCH_PATHS = (
					"$(inherited)",
					"@executable_path/Frameworks",
				);
				PRODUCT_BUNDLE_IDENTIFIER = "st.Blue-Apron";
				PRODUCT_NAME = "$(TARGET_NAME)";
				SWIFT_VERSION = 4.2;
				TARGETED_DEVICE_FAMILY = "1,2";
			};
			name = Release;
		};
/* End XCBuildConfiguration section */

/* Begin XCConfigurationList section */
		2258F7FC225D59BD005D3A51 /* Build configuration list for PBXProject "Blue Apron" */ = {
			isa = XCConfigurationList;
			buildConfigurations = (
				2258F814225D59BF005D3A51 /* Debug */,
				2258F815225D59BF005D3A51 /* Release */,
			);
			defaultConfigurationIsVisible = 0;
			defaultConfigurationName = Release;
		};
		2258F816225D59BF005D3A51 /* Build configuration list for PBXNativeTarget "Blue Apron" */ = {
			isa = XCConfigurationList;
			buildConfigurations = (
				2258F817225D59BF005D3A51 /* Debug */,
				2258F818225D59BF005D3A51 /* Release */,
			);
			defaultConfigurationIsVisible = 0;
			defaultConfigurationName = Release;
		};
/* End XCConfigurationList section */

/* Begin XCVersionGroup section */
		2258F80B225D59BD005D3A51 /* Blue_Apron.xcdatamodeld */ = {
			isa = XCVersionGroup;
			children = (
				2258F80C225D59BD005D3A51 /* Blue_Apron.xcdatamodel */,
			);
			currentVersion = 2258F80C225D59BD005D3A51 /* Blue_Apron.xcdatamodel */;
			path = Blue_Apron.xcdatamodeld;
			sourceTree = "<group>";
			versionGroupType = wrapper.xcdatamodel;
		};
/* End XCVersionGroup section */
	};
	rootObject = 2258F7F9225D59BD005D3A51 /* Project object */;
}
